// !$*UTF8*$!
{
	archiveVersion = 1;
	classes = {
	};
	objectVersion = 54;
	objects = {

/* Begin PBXBuildFile section */
		EE33F1DA290E173B0000FE64 /* main.c in Sources */ = {isa = PBXBuildFile; fileRef = EE33F1D7290E173A0000FE64 /* main.c */; };
		EE33F1DB290E17720000FE64 /* initarray.c in Sources */ = {isa = PBXBuildFile; fileRef = EE33F1D6290E17390000FE64 /* initarray.c */; };
		EE5101DB2908AE9500615EB4 /* keisoku.c in Sources */ = {isa = PBXBuildFile; fileRef = EE5101D82908AE9500615EB4 /* keisoku.c */; };
		EEACE980290AA91D003E6F89 /* PrintHeap.c in Sources */ = {isa = PBXBuildFile; fileRef = EEACE97E290AA91D003E6F89 /* PrintHeap.c */; };
/* End PBXBuildFile section */

/* Begin PBXCopyFilesBuildPhase section */
		EE5101CB2908ADA300615EB4 /* CopyFiles */ = {
			isa = PBXCopyFilesBuildPhase;
			buildActionMask = 2147483647;
			dstPath = /usr/share/man/man1/;
			dstSubfolderSpec = 0;
			files = (
			);
			runOnlyForDeploymentPostprocessing = 1;
		};
/* End PBXCopyFilesBuildPhase section */

/* Begin PBXFileReference section */
		EE33F1D6290E17390000FE64 /* initarray.c */ = {isa = PBXFileReference; fileEncoding = 4; lastKnownFileType = sourcecode.c.c; path = initarray.c; sourceTree = "<group>"; };
		EE33F1D7290E173A0000FE64 /* main.c */ = {isa = PBXFileReference; fileEncoding = 4; lastKnownFileType = sourcecode.c.c; path = main.c; sourceTree = "<group>"; };
		EE33F1D8290E173B0000FE64 /* initarray.h */ = {isa = PBXFileReference; fileEncoding = 4; lastKnownFileType = sourcecode.c.h; path = initarray.h; sourceTree = "<group>"; };
		EE5101CD2908ADA300615EB4 /* DS_Code */ = {isa = PBXFileReference; explicitFileType = "compiled.mach-o.executable"; includeInIndex = 0; path = DS_Code; sourceTree = BUILT_PRODUCTS_DIR; };
		EE5101D02908ADA300615EB4 /* main.c */ = {isa = PBXFileReference; lastKnownFileType = sourcecode.c.c; path = main.c; sourceTree = "<group>"; };
		EE5101D82908AE9500615EB4 /* keisoku.c */ = {isa = PBXFileReference; fileEncoding = 4; lastKnownFileType = sourcecode.c.c; path = keisoku.c; sourceTree = "<group>"; };
		EE5101D92908AE9500615EB4 /* keisoku.h */ = {isa = PBXFileReference; fileEncoding = 4; lastKnownFileType = sourcecode.c.h; path = keisoku.h; sourceTree = "<group>"; };
		EE5101DA2908AE9500615EB4 /* main.c */ = {isa = PBXFileReference; fileEncoding = 4; lastKnownFileType = sourcecode.c.c; path = main.c; sourceTree = "<group>"; };
		EEACE97D290AA91D003E6F89 /* PrintHeap.h */ = {isa = PBXFileReference; fileEncoding = 4; lastKnownFileType = sourcecode.c.h; path = PrintHeap.h; sourceTree = "<group>"; };
		EEACE97E290AA91D003E6F89 /* PrintHeap.c */ = {isa = PBXFileReference; fileEncoding = 4; lastKnownFileType = sourcecode.c.c; path = PrintHeap.c; sourceTree = "<group>"; };
		EEACE97F290AA91D003E6F89 /* main.c */ = {isa = PBXFileReference; fileEncoding = 4; lastKnownFileType = sourcecode.c.c; path = main.c; sourceTree = "<group>"; };
/* End PBXFileReference section */

/* Begin PBXFrameworksBuildPhase section */
		EE5101CA2908ADA300615EB4 /* Frameworks */ = {
			isa = PBXFrameworksBuildPhase;
			buildActionMask = 2147483647;
			files = (
			);
			runOnlyForDeploymentPostprocessing = 0;
		};
/* End PBXFrameworksBuildPhase section */

/* Begin PBXGroup section */
		EE33F1D5290E16DE0000FE64 /* chap4 */ = {
			isa = PBXGroup;
			children = (
				EE33F1D6290E17390000FE64 /* initarray.c */,
				EE33F1D8290E173B0000FE64 /* initarray.h */,
				EE33F1D7290E173A0000FE64 /* main.c */,
			);
			path = chap4;
			sourceTree = "<group>";
		};
		EE5101C42908ADA300615EB4 = {
			isa = PBXGroup;
			children = (
				EE33F1D5290E16DE0000FE64 /* chap4 */,
				EEACE97C290AA8FF003E6F89 /* PrintHeap */,
				EE5101D72908AE3300615EB4 /* Keisoku */,
				EE5101CF2908ADA300615EB4 /* chap3 */,
				EE5101CE2908ADA300615EB4 /* Products */,
			);
			sourceTree = "<group>";
		};
		EE5101CE2908ADA300615EB4 /* Products */ = {
			isa = PBXGroup;
			children = (
				EE5101CD2908ADA300615EB4 /* DS_Code */,
			);
			name = Products;
			sourceTree = "<group>";
		};
		EE5101CF2908ADA300615EB4 /* chap3 */ = {
			isa = PBXGroup;
			children = (
				EE5101D02908ADA300615EB4 /* main.c */,
			);
			path = chap3;
			sourceTree = "<group>";
		};
		EE5101D72908AE3300615EB4 /* Keisoku */ = {
			isa = PBXGroup;
			children = (
				EE5101D82908AE9500615EB4 /* keisoku.c */,
				EE5101D92908AE9500615EB4 /* keisoku.h */,
				EE5101DA2908AE9500615EB4 /* main.c */,
			);
			path = Keisoku;
			sourceTree = "<group>";
		};
		EEACE97C290AA8FF003E6F89 /* PrintHeap */ = {
			isa = PBXGroup;
			children = (
				EEACE97F290AA91D003E6F89 /* main.c */,
				EEACE97E290AA91D003E6F89 /* PrintHeap.c */,
				EEACE97D290AA91D003E6F89 /* PrintHeap.h */,
			);
			path = PrintHeap;
			sourceTree = "<group>";
		};
/* End PBXGroup section */

/* Begin PBXNativeTarget section */
		EE5101CC2908ADA300615EB4 /* DS_Code */ = {
			isa = PBXNativeTarget;
			buildConfigurationList = EE5101D42908ADA300615EB4 /* Build configuration list for PBXNativeTarget "DS_Code" */;
			buildPhases = (
				EE5101C92908ADA300615EB4 /* Sources */,
				EE5101CA2908ADA300615EB4 /* Frameworks */,
				EE5101CB2908ADA300615EB4 /* CopyFiles */,
			);
			buildRules = (
			);
			dependencies = (
			);
			name = DS_Code;
			productName = DS_Code;
			productReference = EE5101CD2908ADA300615EB4 /* DS_Code */;
			productType = "com.apple.product-type.tool";
		};
/* End PBXNativeTarget section */

/* Begin PBXProject section */
		EE5101C52908ADA300615EB4 /* Project object */ = {
			isa = PBXProject;
			attributes = {
				BuildIndependentTargetsInParallel = 1;
				LastUpgradeCheck = 1410;
				ORGANIZATIONNAME = "Maebashi Institute of Technology";
				TargetAttributes = {
					EE5101CC2908ADA300615EB4 = {
						CreatedOnToolsVersion = 14.0.1;
					};
				};
			};
			buildConfigurationList = EE5101C82908ADA300615EB4 /* Build configuration list for PBXProject "DS_Code" */;
			compatibilityVersion = "Xcode 12.0";
			developmentRegion = en;
			hasScannedForEncodings = 0;
			knownRegions = (
				en,
				Base,
			);
			mainGroup = EE5101C42908ADA300615EB4;
			productRefGroup = EE5101CE2908ADA300615EB4 /* Products */;
			projectDirPath = "";
			projectRoot = "";
			targets = (
				EE5101CC2908ADA300615EB4 /* DS_Code */,
			);
		};
/* End PBXProject section */

/* Begin PBXSourcesBuildPhase section */
		EE5101C92908ADA300615EB4 /* Sources */ = {
			isa = PBXSourcesBuildPhase;
			buildActionMask = 2147483647;
			files = (
				EE33F1DA290E173B0000FE64 /* main.c in Sources */,
				EEACE980290AA91D003E6F89 /* PrintHeap.c in Sources */,
				EE5101DB2908AE9500615EB4 /* keisoku.c in Sources */,
				EE33F1DB290E17720000FE64 /* initarray.c in Sources */,
			);
			runOnlyForDeploymentPostprocessing = 0;
		};
/* End PBXSourcesBuildPhase section */

/* Begin XCBuildConfiguration section */
		EE5101D22908ADA300615EB4 /* Debug */ = {
			isa = XCBuildConfiguration;
			buildSettings = {
				ALWAYS_SEARCH_USER_PATHS = NO;
				CLANG_ANALYZER_NONNULL = YES;
				CLANG_ANALYZER_NUMBER_OBJECT_CONVERSION = YES_AGGRESSIVE;
				CLANG_CXX_LANGUAGE_STANDARD = "gnu++20";
				CLANG_ENABLE_MODULES = YES;
				CLANG_ENABLE_OBJC_ARC = YES;
				CLANG_ENABLE_OBJC_WEAK = YES;
				CLANG_WARN_BLOCK_CAPTURE_AUTORELEASING = YES;
				CLANG_WARN_BOOL_CONVERSION = YES;
				CLANG_WARN_COMMA = YES;
				CLANG_WARN_CONSTANT_CONVERSION = YES;
				CLANG_WARN_DEPRECATED_OBJC_IMPLEMENTATIONS = YES;
				CLANG_WARN_DIRECT_OBJC_ISA_USAGE = YES_ERROR;
				CLANG_WARN_DOCUMENTATION_COMMENTS = YES;
				CLANG_WARN_EMPTY_BODY = YES;
				CLANG_WARN_ENUM_CONVERSION = YES;
				CLANG_WARN_INFINITE_RECURSION = YES;
				CLANG_WARN_INT_CONVERSION = YES;
				CLANG_WARN_NON_LITERAL_NULL_CONVERSION = YES;
				CLANG_WARN_OBJC_IMPLICIT_RETAIN_SELF = YES;
				CLANG_WARN_OBJC_LITERAL_CONVERSION = YES;
				CLANG_WARN_OBJC_ROOT_CLASS = YES_ERROR;
				CLANG_WARN_QUOTED_INCLUDE_IN_FRAMEWORK_HEADER = YES;
				CLANG_WARN_RANGE_LOOP_ANALYSIS = YES;
				CLANG_WARN_STRICT_PROTOTYPES = YES;
				CLANG_WARN_SUSPICIOUS_MOVE = YES;
				CLANG_WARN_UNGUARDED_AVAILABILITY = YES_AGGRESSIVE;
				CLANG_WARN_UNREACHABLE_CODE = YES;
				CLANG_WARN__DUPLICATE_METHOD_MATCH = YES;
				COPY_PHASE_STRIP = NO;
				DEAD_CODE_STRIPPING = YES;
				DEBUG_INFORMATION_FORMAT = dwarf;
				ENABLE_STRICT_OBJC_MSGSEND = YES;
				ENABLE_TESTABILITY = YES;
				GCC_C_LANGUAGE_STANDARD = gnu11;
				GCC_DYNAMIC_NO_PIC = NO;
				GCC_NO_COMMON_BLOCKS = YES;
				GCC_OPTIMIZATION_LEVEL = 0;
				GCC_PREPROCESSOR_DEFINITIONS = (
					"DEBUG=1",
					"$(inherited)",
				);
				GCC_WARN_64_TO_32_BIT_CONVERSION = YES;
				GCC_WARN_ABOUT_RETURN_TYPE = YES_ERROR;
				GCC_WARN_UNDECLARED_SELECTOR = YES;
				GCC_WARN_UNINITIALIZED_AUTOS = YES_AGGRESSIVE;
				GCC_WARN_UNUSED_FUNCTION = YES;
				GCC_WARN_UNUSED_VARIABLE = YES;
				MACOSX_DEPLOYMENT_TARGET = 12.0;
				MTL_ENABLE_DEBUG_INFO = INCLUDE_SOURCE;
				MTL_FAST_MATH = YES;
				ONLY_ACTIVE_ARCH = YES;
				SDKROOT = macosx;
			};
			name = Debug;
		};
		EE5101D32908ADA300615EB4 /* Release */ = {
			isa = XCBuildConfiguration;
			buildSettings = {
				ALWAYS_SEARCH_USER_PATHS = NO;
				CLANG_ANALYZER_NONNULL = YES;
				CLANG_ANALYZER_NUMBER_OBJECT_CONVERSION = YES_AGGRESSIVE;
				CLANG_CXX_LANGUAGE_STANDARD = "gnu++20";
				CLANG_ENABLE_MODULES = YES;
				CLANG_ENABLE_OBJC_ARC = YES;
				CLANG_ENABLE_OBJC_WEAK = YES;
				CLANG_WARN_BLOCK_CAPTURE_AUTORELEASING = YES;
				CLANG_WARN_BOOL_CONVERSION = YES;
				CLANG_WARN_COMMA = YES;
				CLANG_WARN_CONSTANT_CONVERSION = YES;
				CLANG_WARN_DEPRECATED_OBJC_IMPLEMENTATIONS = YES;
				CLANG_WARN_DIRECT_OBJC_ISA_USAGE = YES_ERROR;
				CLANG_WARN_DOCUMENTATION_COMMENTS = YES;
				CLANG_WARN_EMPTY_BODY = YES;
				CLANG_WARN_ENUM_CONVERSION = YES;
				CLANG_WARN_INFINITE_RECURSION = YES;
				CLANG_WARN_INT_CONVERSION = YES;
				CLANG_WARN_NON_LITERAL_NULL_CONVERSION = YES;
				CLANG_WARN_OBJC_IMPLICIT_RETAIN_SELF = YES;
				CLANG_WARN_OBJC_LITERAL_CONVERSION = YES;
				CLANG_WARN_OBJC_ROOT_CLASS = YES_ERROR;
				CLANG_WARN_QUOTED_INCLUDE_IN_FRAMEWORK_HEADER = YES;
				CLANG_WARN_RANGE_LOOP_ANALYSIS = YES;
				CLANG_WARN_STRICT_PROTOTYPES = YES;
				CLANG_WARN_SUSPICIOUS_MOVE = YES;
				CLANG_WARN_UNGUARDED_AVAILABILITY = YES_AGGRESSIVE;
				CLANG_WARN_UNREACHABLE_CODE = YES;
				CLANG_WARN__DUPLICATE_METHOD_MATCH = YES;
				COPY_PHASE_STRIP = NO;
				DEAD_CODE_STRIPPING = YES;
				DEBUG_INFORMATION_FORMAT = "dwarf-with-dsym";
				ENABLE_NS_ASSERTIONS = NO;
				ENABLE_STRICT_OBJC_MSGSEND = YES;
				GCC_C_LANGUAGE_STANDARD = gnu11;
				GCC_NO_COMMON_BLOCKS = YES;
				GCC_WARN_64_TO_32_BIT_CONVERSION = YES;
				GCC_WARN_ABOUT_RETURN_TYPE = YES_ERROR;
				GCC_WARN_UNDECLARED_SELECTOR = YES;
				GCC_WARN_UNINITIALIZED_AUTOS = YES_AGGRESSIVE;
				GCC_WARN_UNUSED_FUNCTION = YES;
				GCC_WARN_UNUSED_VARIABLE = YES;
				MACOSX_DEPLOYMENT_TARGET = 12.0;
				MTL_ENABLE_DEBUG_INFO = NO;
				MTL_FAST_MATH = YES;
				SDKROOT = macosx;
			};
			name = Release;
		};
		EE5101D52908ADA300615EB4 /* Debug */ = {
			isa = XCBuildConfiguration;
			buildSettings = {
				CODE_SIGN_IDENTITY = "-";
				CODE_SIGN_STYLE = Automatic;
				DEAD_CODE_STRIPPING = YES;
				DEVELOPMENT_TEAM = 92ZHWCK8H8;
				ENABLE_HARDENED_RUNTIME = YES;
				MACOSX_DEPLOYMENT_TARGET = 10.15;
				PRODUCT_NAME = "$(TARGET_NAME)";
			};
			name = Debug;
		};
		EE5101D62908ADA300615EB4 /* Release */ = {
			isa = XCBuildConfiguration;
			buildSettings = {
				CODE_SIGN_IDENTITY = "-";
				CODE_SIGN_STYLE = Automatic;
				DEAD_CODE_STRIPPING = YES;
				DEVELOPMENT_TEAM = 92ZHWCK8H8;
				ENABLE_HARDENED_RUNTIME = YES;
				MACOSX_DEPLOYMENT_TARGET = 10.15;
				PRODUCT_NAME = "$(TARGET_NAME)";
			};
			name = Release;
		};
/* End XCBuildConfiguration section */

/* Begin XCConfigurationList section */
		EE5101C82908ADA300615EB4 /* Build configuration list for PBXProject "DS_Code" */ = {
			isa = XCConfigurationList;
			buildConfigurations = (
				EE5101D22908ADA300615EB4 /* Debug */,
				EE5101D32908ADA300615EB4 /* Release */,
			);
			defaultConfigurationIsVisible = 0;
			defaultConfigurationName = Release;
		};
		EE5101D42908ADA300615EB4 /* Build configuration list for PBXNativeTarget "DS_Code" */ = {
			isa = XCConfigurationList;
			buildConfigurations = (
				EE5101D52908ADA300615EB4 /* Debug */,
				EE5101D62908ADA300615EB4 /* Release */,
			);
			defaultConfigurationIsVisible = 0;
			defaultConfigurationName = Release;
		};
/* End XCConfigurationList section */
	};
	rootObject = EE5101C52908ADA300615EB4 /* Project object */;
}
